DEPENDENCIES
  munge
    git: git://github.com/dmlb2000/munge-cookbook.git
    revision: aed181bf4d6ee4546b0aafe912d88fb4c1fd6d96
  slurm
    path: .
    metadata: true
  slurm_local_mysql
    path: test/fixtures/local_mysql

GRAPH
  apt (4.0.1)
    compat_resource (>= 12.10)
  build-essential (6.0.2)
    compat_resource (>= 12.10)
    mingw (>= 1.1)
    seven_zip (>= 0.0.0)
  chef-sugar (3.4.0)
  chef_handler (1.4.0)
  compat_resource (12.10.7)
  database (5.1.2)
    postgresql (>= 1.0.0)
  dnf (0.1.2)
  hostsfile (2.4.5)
  mariadb (0.3.1)
    apt (>= 0.0.0)
    yum (>= 0.0.0)
    yum-epel (>= 0.0.0)
  mingw (1.2.2)
    compat_resource (>= 0.0.0)
    seven_zip (>= 0.0.0)
  munge (0.1.0)
    apt (>= 0.0.0)
    dnf (>= 0.0.0)
    yum-epel (>= 0.0.0)
  mysql (8.0.1)
  mysql2_chef_gem (1.1.0)
    build-essential (>= 0.0.0)
    mariadb (>= 0.0.0)
    mysql (>= 6.0)
  openssl (4.4.0)
    chef-sugar (>= 3.1.1)
  postgresql (4.0.6)
    apt (>= 1.9.0)
    build-essential (>= 0.0.0)
    openssl (~> 4.0)
  selinux (0.9.0)
  seven_zip (2.0.1)
    windows (>= 1.2.2)
  slurm (1.0.0)
    build-essential (>= 0.0.0)
    database (>= 0.0.0)
    hostsfile (>= 0.0.0)
    mariadb (>= 0.0.0)
    munge (>= 0.0.0)
    mysql (>= 0.0.0)
    mysql2_chef_gem (>= 0.0.0)
    selinux (>= 0.0.0)
    yum (>= 0.0.0)
    yum-epel (>= 0.0.0)
  slurm_local_mysql (0.0.1)
    database (>= 0.0.0)
    mariadb (>= 0.0.0)
    mysql (>= 0.0.0)
    mysql2_chef_gem (>= 0.0.0)
    slurm (>= 0.0.0)
  windows (1.44.1)
    chef_handler (>= 0.0.0)
  yum (3.11.0)
  yum-epel (0.7.0)
    yum (>= 3.6.3)
